{
  "name": "YokohamaLandscape",
  "version": "1.0.0",
  "lockfileVersion": 1,
  "requires": true,
  "dependencies": {
    "is-plain-object": {
      "version": "2.0.4",
      "resolved": "https://registry.npmjs.org/is-plain-object/-/is-plain-object-2.0.4.tgz",
      "integrity": "sha512-h5PpgXkWitc38BBMYawTYMWJHFZJVnBquFE57xFpjB8pJFiF6gZ+bU+WyI/yqXiFR5mdLsgYNaPe8uao6Uv9Og==",
      "requires": {
        "isobject": "^3.0.1"
      }
    },
    "isobject": {
      "version": "3.0.1",
      "resolved": "https://registry.npmjs.org/isobject/-/isobject-3.0.1.tgz",
      "integrity": "sha1-TkMekrEalzFjaqH5yNHMvP2reN8="
    },
    "serialize-javascript": {
      "version": "2.1.2",
      "resolved": "https://registry.npmjs.org/serialize-javascript/-/serialize-javascript-2.1.2.tgz",
      "integrity": "sha512-rs9OggEUF0V4jUSecXazOYsLfu7OGK2qIn3c7IPBiffz32XniEp/TX9Xmc9LQfK2nQ2QKHvZ2oygKUGU0lG4jQ=="
    },
    "set-value": {
      "version": "3.0.1",
      "resolved": "https://registry.npmjs.org/set-value/-/set-value-3.0.1.tgz",
      "integrity": "sha512-w6n3GUPYAWQj4ZyHWzD7K2FnFXHx9OTwJYbWg+6nXjG8sCLfs9DGv+KlqglKIIJx+ks7MlFuwFW2RBPb+8V+xg==",
      "requires": {
        "is-plain-object": "^2.0.4"
      }
    }
  }
}
